
Microsoft Visual Studio Solution File, Format Version 12.00
# Visual Studio Version 16
VisualStudioVersion = 16.0.30128.74
MinimumVisualStudioVersion = 10.0.40219.1
Project("{9A19103F-16F7-4668-BE54-9A1E7A4F7556}") = "OctaviusTheDog", "OctaviusTheDog\OctaviusTheDog.csproj", "{84A075C3-CBFE-4338-9099-64D4EDB2DC97}"
EndProject
Project("{FAE04EC0-301F-11D3-BF4B-00C04F79EFBC}") = "OctaviusTheDog.DataAccess.AzureStorage", "OctaviusTheDog.DataAccess.AzureStorage\OctaviusTheDog.DataAccess.AzureStorage.csproj", "{660373B1-BE43-47CC-8B1D-38A296F1AECA}"
EndProject
Project("{FAE04EC0-301F-11D3-BF4B-00C04F79EFBC}") = "OctaviusTheDog.DataAccess.AzureCosmos", "OctaviusTheDog.DataAccess.AzureCosmos\OctaviusTheDog.DataAccess.AzureCosmos.csproj", "{7F0E74A3-1A6F-44D0-A14C-C39869291F12}"
EndProject
Global
	GlobalSection(SolutionConfigurationPlatforms) = preSolution
		Debug|Any CPU = Debug|Any CPU
		Release|Any CPU = Release|Any CPU
	EndGlobalSection
	GlobalSection(ProjectConfigurationPlatforms) = postSolution
		{84A075C3-CBFE-4338-9099-64D4EDB2DC97}.Debug|Any CPU.ActiveCfg = Debug|Any CPU
		{84A075C3-CBFE-4338-9099-64D4EDB2DC97}.Debug|Any CPU.Build.0 = Debug|Any CPU
		{84A075C3-CBFE-4338-9099-64D4EDB2DC97}.Release|Any CPU.ActiveCfg = Release|Any CPU
		{84A075C3-CBFE-4338-9099-64D4EDB2DC97}.Release|Any CPU.Build.0 = Release|Any CPU
		{660373B1-BE43-47CC-8B1D-38A296F1AECA}.Debug|Any CPU.ActiveCfg = Debug|Any CPU
		{660373B1-BE43-47CC-8B1D-38A296F1AECA}.Debug|Any CPU.Build.0 = Debug|Any CPU
		{660373B1-BE43-47CC-8B1D-38A296F1AECA}.Release|Any CPU.ActiveCfg = Release|Any CPU
		{660373B1-BE43-47CC-8B1D-38A296F1AECA}.Release|Any CPU.Build.0 = Release|Any CPU
		{7F0E74A3-1A6F-44D0-A14C-C39869291F12}.Debug|Any CPU.ActiveCfg = Debug|Any CPU
		{7F0E74A3-1A6F-44D0-A14C-C39869291F12}.Debug|Any CPU.Build.0 = Debug|Any CPU
		{7F0E74A3-1A6F-44D0-A14C-C39869291F12}.Release|Any CPU.ActiveCfg = Release|Any CPU
		{7F0E74A3-1A6F-44D0-A14C-C39869291F12}.Release|Any CPU.Build.0 = Release|Any CPU
	EndGlobalSection
	GlobalSection(SolutionProperties) = preSolution
		HideSolutionNode = FALSE
	EndGlobalSection
	GlobalSection(ExtensibilityGlobals) = postSolution
		SolutionGuid = {2CF57863-A5F5-46C3-A092-4C2185E20EF4}
	EndGlobalSection
EndGlobal
